
Microsoft Visual Studio Solution File, Format Version 12.00
# Visual Studio Version 17
VisualStudioVersion = 17.7.34003.232
MinimumVisualStudioVersion = 10.0.40219.1
Project("{FAE04EC0-301F-11D3-BF4B-00C04F79EFBC}") = "DependencyInjection.Server", "DependencyInjection\Server\DependencyInjection.Server.csproj", "{543EBA26-1721-4AA0-B460-33FBDC39D123}"
EndProject
Project("{FAE04EC0-301F-11D3-BF4B-00C04F79EFBC}") = "DependencyInjection.Client", "DependencyInjection\Client\DependencyInjection.Client.csproj", "{6D5A29DC-2206-49EB-8FF4-95DADF6F2765}"
EndProject
Project("{FAE04EC0-301F-11D3-BF4B-00C04F79EFBC}") = "DependencyInjection.Shared", "DependencyInjection\Shared\DependencyInjection.Shared.csproj", "{886AFEC6-AC75-4601-9BD7-B13265B7BC99}"
EndProject
Global
	GlobalSection(SolutionConfigurationPlatforms) = preSolution
		Debug|Any CPU = Debug|Any CPU
		Release|Any CPU = Release|Any CPU
	EndGlobalSection
	GlobalSection(ProjectConfigurationPlatforms) = postSolution
		{543EBA26-1721-4AA0-B460-33FBDC39D123}.Debug|Any CPU.ActiveCfg = Debug|Any CPU
		{543EBA26-1721-4AA0-B460-33FBDC39D123}.Debug|Any CPU.Build.0 = Debug|Any CPU
		{543EBA26-1721-4AA0-B460-33FBDC39D123}.Release|Any CPU.ActiveCfg = Release|Any CPU
		{543EBA26-1721-4AA0-B460-33FBDC39D123}.Release|Any CPU.Build.0 = Release|Any CPU
		{6D5A29DC-2206-49EB-8FF4-95DADF6F2765}.Debug|Any CPU.ActiveCfg = Debug|Any CPU
		{6D5A29DC-2206-49EB-8FF4-95DADF6F2765}.Debug|Any CPU.Build.0 = Debug|Any CPU
		{6D5A29DC-2206-49EB-8FF4-95DADF6F2765}.Release|Any CPU.ActiveCfg = Release|Any CPU
		{6D5A29DC-2206-49EB-8FF4-95DADF6F2765}.Release|Any CPU.Build.0 = Release|Any CPU
		{886AFEC6-AC75-4601-9BD7-B13265B7BC99}.Debug|Any CPU.ActiveCfg = Debug|Any CPU
		{886AFEC6-AC75-4601-9BD7-B13265B7BC99}.Debug|Any CPU.Build.0 = Debug|Any CPU
		{886AFEC6-AC75-4601-9BD7-B13265B7BC99}.Release|Any CPU.ActiveCfg = Release|Any CPU
		{886AFEC6-AC75-4601-9BD7-B13265B7BC99}.Release|Any CPU.Build.0 = Release|Any CPU
	EndGlobalSection
	GlobalSection(SolutionProperties) = preSolution
		HideSolutionNode = FALSE
	EndGlobalSection
	GlobalSection(ExtensibilityGlobals) = postSolution
		SolutionGuid = {4146036D-2D37-49D6-A716-58627AD748CE}
	EndGlobalSection
EndGlobal
